
Microsoft Visual Studio Solution File, Format Version 12.00
# Visual Studio Version 17
VisualStudioVersion = 17.2.32526.322
MinimumVisualStudioVersion = 10.0.40219.1
Project("{9A19103F-16F7-4668-BE54-9A1E7A4F7556}") = "Chatpter 6_Console", "Chatpter 5_Console\Chatpter 6_Console.csproj", "{6CCE0B72-97A2-4B56-BC56-99032B0A8177}"
EndProject
Project("{9A19103F-16F7-4668-BE54-9A1E7A4F7556}") = "Funtionalities", "Funtionalities\Funtionalities.csproj", "{C2195789-527F-4DD6-AD9F-7EE86C0D614D}"
EndProject
Global
	GlobalSection(SolutionConfigurationPlatforms) = preSolution
		Debug|Any CPU = Debug|Any CPU
		Release|Any CPU = Release|Any CPU
	EndGlobalSection
	GlobalSection(ProjectConfigurationPlatforms) = postSolution
		{6CCE0B72-97A2-4B56-BC56-99032B0A8177}.Debug|Any CPU.ActiveCfg = Debug|Any CPU
		{6CCE0B72-97A2-4B56-BC56-99032B0A8177}.Debug|Any CPU.Build.0 = Debug|Any CPU
		{6CCE0B72-97A2-4B56-BC56-99032B0A8177}.Release|Any CPU.ActiveCfg = Release|Any CPU
		{6CCE0B72-97A2-4B56-BC56-99032B0A8177}.Release|Any CPU.Build.0 = Release|Any CPU
		{C2195789-527F-4DD6-AD9F-7EE86C0D614D}.Debug|Any CPU.ActiveCfg = Debug|Any CPU
		{C2195789-527F-4DD6-AD9F-7EE86C0D614D}.Debug|Any CPU.Build.0 = Debug|Any CPU
		{C2195789-527F-4DD6-AD9F-7EE86C0D614D}.Release|Any CPU.ActiveCfg = Release|Any CPU
		{C2195789-527F-4DD6-AD9F-7EE86C0D614D}.Release|Any CPU.Build.0 = Release|Any CPU
	EndGlobalSection
	GlobalSection(SolutionProperties) = preSolution
		HideSolutionNode = FALSE
	EndGlobalSection
	GlobalSection(ExtensibilityGlobals) = postSolution
		SolutionGuid = {1EC249D6-54F2-487A-8681-BAC14E8F371E}
	EndGlobalSection
EndGlobal
